
Microsoft Visual Studio Solution File, Format Version 12.00
# Visual Studio Version 16
VisualStudioVersion = 16.0.30717.126
MinimumVisualStudioVersion = 10.0.40219.1
Project("{FAE04EC0-301F-11D3-BF4B-00C04F79EFBC}") = "HM11", "HM11\HM11.csproj", "{5D203078-4073-4367-9434-E6936B3CFCC4}"
EndProject
Global
	GlobalSection(SolutionConfigurationPlatforms) = preSolution
		Debug|Any CPU = Debug|Any CPU
		Release|Any CPU = Release|Any CPU
	EndGlobalSection
	GlobalSection(ProjectConfigurationPlatforms) = postSolution
		{5D203078-4073-4367-9434-E6936B3CFCC4}.Debug|Any CPU.ActiveCfg = Debug|Any CPU
		{5D203078-4073-4367-9434-E6936B3CFCC4}.Debug|Any CPU.Build.0 = Debug|Any CPU
		{5D203078-4073-4367-9434-E6936B3CFCC4}.Release|Any CPU.ActiveCfg = Release|Any CPU
		{5D203078-4073-4367-9434-E6936B3CFCC4}.Release|Any CPU.Build.0 = Release|Any CPU
	EndGlobalSection
	GlobalSection(SolutionProperties) = preSolution
		HideSolutionNode = FALSE
	EndGlobalSection
	GlobalSection(ExtensibilityGlobals) = postSolution
		SolutionGuid = {FC83CE54-33E8-4BD4-8922-AE219DA22FA5}
	EndGlobalSection
EndGlobal
